// !$*UTF8*$!
{
	archiveVersion = 1;
	classes = {
	};
	objectVersion = 50;
	objects = {

/* Begin PBXBuildFile section */
		82D783E92762623200AFA53A /* Assets.xcassets in Resources */ = {isa = PBXBuildFile; fileRef = 82D783E82762623200AFA53A /* Assets.xcassets */; };
		82D783EC2762623200AFA53A /* LaunchScreen.storyboard in Resources */ = {isa = PBXBuildFile; fileRef = 82D783EA2762623200AFA53A /* LaunchScreen.storyboard */; };
		82D78413276263AE00AFA53A /* AppDelegate.swift in Sources */ = {isa = PBXBuildFile; fileRef = 82D78408276262A100AFA53A /* AppDelegate.swift */; };
		82D78415276263B400AFA53A /* NavigationHandler.swift in Sources */ = {isa = PBXBuildFile; fileRef = 82D7840B276262A100AFA53A /* NavigationHandler.swift */; };
		82D78416276263B400AFA53A /* StringRepresentable.swift in Sources */ = {isa = PBXBuildFile; fileRef = 82D7840A276262A100AFA53A /* StringRepresentable.swift */; };
		82D78417276263B400AFA53A /* Presentable.swift in Sources */ = {isa = PBXBuildFile; fileRef = 82D7840C276262A100AFA53A /* Presentable.swift */; };
		82D78418276263B400AFA53A /* Router.swift in Sources */ = {isa = PBXBuildFile; fileRef = 82D7840D276262A100AFA53A /* Router.swift */; };
		82D78419276263B800AFA53A /* Task + TodoItem.swift in Sources */ = {isa = PBXBuildFile; fileRef = 82D783FB276262A100AFA53A /* Task + TodoItem.swift */; };
		82D7841B276263BE00AFA53A /* HomeView.swift in Sources */ = {isa = PBXBuildFile; fileRef = 82D783FE276262A100AFA53A /* HomeView.swift */; };
		82D7841C276263BE00AFA53A /* Home.storyboard in Resources */ = {isa = PBXBuildFile; fileRef = 82D783FF276262A100AFA53A /* Home.storyboard */; };
		82D7841D276263BE00AFA53A /* HomeModule.swift in Sources */ = {isa = PBXBuildFile; fileRef = 82D78401276262A100AFA53A /* HomeModule.swift */; };
		82D7841E276263BE00AFA53A /* HomePresenter.swift in Sources */ = {isa = PBXBuildFile; fileRef = 82D78400276262A100AFA53A /* HomePresenter.swift */; };
		82D78420276263C600AFA53A /* TaskDetals.storyboard in Resources */ = {isa = PBXBuildFile; fileRef = 82D78403276262A100AFA53A /* TaskDetals.storyboard */; };
		82D78421276263C600AFA53A /* TaskDetalsModule.swift in Sources */ = {isa = PBXBuildFile; fileRef = 82D78405276262A100AFA53A /* TaskDetalsModule.swift */; };
		82D78422276263C600AFA53A /* TaskDetalsPresenter.swift in Sources */ = {isa = PBXBuildFile; fileRef = 82D78406276262A100AFA53A /* TaskDetalsPresenter.swift */; };
		82D78423276263C600AFA53A /* TaskDetalsView.swift in Sources */ = {isa = PBXBuildFile; fileRef = 82D78404276262A100AFA53A /* TaskDetalsView.swift */; };
		82D78425276263CB00AFA53A /* ApplicationRouter.swift in Sources */ = {isa = PBXBuildFile; fileRef = 82D783F8276262A100AFA53A /* ApplicationRouter.swift */; };
		82D78426276263CB00AFA53A /* MainNavigationHandler.swift in Sources */ = {isa = PBXBuildFile; fileRef = 82D783F9276262A100AFA53A /* MainNavigationHandler.swift */; };
		82D78427276263CB00AFA53A /* BaseRouter.swift in Sources */ = {isa = PBXBuildFile; fileRef = 82D783F7276262A100AFA53A /* BaseRouter.swift */; };
		82D78429276263D100AFA53A /* DatabaseManager.swift in Sources */ = {isa = PBXBuildFile; fileRef = 82D78411276262A100AFA53A /* DatabaseManager.swift */; };
		82D7842A276263D100AFA53A /* CoreDataManager.swift in Sources */ = {isa = PBXBuildFile; fileRef = 82D78410276262A100AFA53A /* CoreDataManager.swift */; };
		82D7842E276263F000AFA53A /* sampleCoordinator.xcdatamodeld in Sources */ = {isa = PBXBuildFile; fileRef = 82D7842C276263F000AFA53A /* sampleCoordinator.xcdatamodeld */; };
/* End PBXBuildFile section */

/* Begin PBXFileReference section */
		82D783DC2762622A00AFA53A /* sampleCoordinator.app */ = {isa = PBXFileReference; explicitFileType = wrapper.application; includeInIndex = 0; path = sampleCoordinator.app; sourceTree = BUILT_PRODUCTS_DIR; };
		82D783E82762623200AFA53A /* Assets.xcassets */ = {isa = PBXFileReference; lastKnownFileType = folder.assetcatalog; path = Assets.xcassets; sourceTree = "<group>"; };
		82D783EB2762623200AFA53A /* Base */ = {isa = PBXFileReference; lastKnownFileType = file.storyboard; name = Base; path = Base.lproj/LaunchScreen.storyboard; sourceTree = "<group>"; };
		82D783ED2762623200AFA53A /* Info.plist */ = {isa = PBXFileReference; lastKnownFileType = text.plist.xml; path = Info.plist; sourceTree = "<group>"; };
		82D783F7276262A100AFA53A /* BaseRouter.swift */ = {isa = PBXFileReference; lastKnownFileType = sourcecode.swift; path = BaseRouter.swift; sourceTree = "<group>"; };
		82D783F8276262A100AFA53A /* ApplicationRouter.swift */ = {isa = PBXFileReference; lastKnownFileType = sourcecode.swift; path = ApplicationRouter.swift; sourceTree = "<group>"; };
		82D783F9276262A100AFA53A /* MainNavigationHandler.swift */ = {isa = PBXFileReference; lastKnownFileType = sourcecode.swift; path = MainNavigationHandler.swift; sourceTree = "<group>"; };
		82D783FB276262A100AFA53A /* Task + TodoItem.swift */ = {isa = PBXFileReference; lastKnownFileType = sourcecode.swift; path = "Task + TodoItem.swift"; sourceTree = "<group>"; };
		82D783FE276262A100AFA53A /* HomeView.swift */ = {isa = PBXFileReference; lastKnownFileType = sourcecode.swift; path = HomeView.swift; sourceTree = "<group>"; };
		82D783FF276262A100AFA53A /* Home.storyboard */ = {isa = PBXFileReference; lastKnownFileType = file.storyboard; path = Home.storyboard; sourceTree = "<group>"; };
		82D78400276262A100AFA53A /* HomePresenter.swift */ = {isa = PBXFileReference; lastKnownFileType = sourcecode.swift; path = HomePresenter.swift; sourceTree = "<group>"; };
		82D78401276262A100AFA53A /* HomeModule.swift */ = {isa = PBXFileReference; lastKnownFileType = sourcecode.swift; path = HomeModule.swift; sourceTree = "<group>"; };
		82D78403276262A100AFA53A /* TaskDetals.storyboard */ = {isa = PBXFileReference; lastKnownFileType = file.storyboard; path = TaskDetals.storyboard; sourceTree = "<group>"; };
		82D78404276262A100AFA53A /* TaskDetalsView.swift */ = {isa = PBXFileReference; lastKnownFileType = sourcecode.swift; path = TaskDetalsView.swift; sourceTree = "<group>"; };
		82D78405276262A100AFA53A /* TaskDetalsModule.swift */ = {isa = PBXFileReference; lastKnownFileType = sourcecode.swift; path = TaskDetalsModule.swift; sourceTree = "<group>"; };
		82D78406276262A100AFA53A /* TaskDetalsPresenter.swift */ = {isa = PBXFileReference; lastKnownFileType = sourcecode.swift; path = TaskDetalsPresenter.swift; sourceTree = "<group>"; };
		82D78408276262A100AFA53A /* AppDelegate.swift */ = {isa = PBXFileReference; lastKnownFileType = sourcecode.swift; path = AppDelegate.swift; sourceTree = "<group>"; };
		82D7840A276262A100AFA53A /* StringRepresentable.swift */ = {isa = PBXFileReference; lastKnownFileType = sourcecode.swift; path = StringRepresentable.swift; sourceTree = "<group>"; };
		82D7840B276262A100AFA53A /* NavigationHandler.swift */ = {isa = PBXFileReference; lastKnownFileType = sourcecode.swift; path = NavigationHandler.swift; sourceTree = "<group>"; };
		82D7840C276262A100AFA53A /* Presentable.swift */ = {isa = PBXFileReference; lastKnownFileType = sourcecode.swift; path = Presentable.swift; sourceTree = "<group>"; };
		82D7840D276262A100AFA53A /* Router.swift */ = {isa = PBXFileReference; lastKnownFileType = sourcecode.swift; path = Router.swift; sourceTree = "<group>"; };
		82D78410276262A100AFA53A /* CoreDataManager.swift */ = {isa = PBXFileReference; lastKnownFileType = sourcecode.swift; path = CoreDataManager.swift; sourceTree = "<group>"; };
		82D78411276262A100AFA53A /* DatabaseManager.swift */ = {isa = PBXFileReference; lastKnownFileType = sourcecode.swift; path = DatabaseManager.swift; sourceTree = "<group>"; };
		82D7842D276263F000AFA53A /* sampleCoordinator.xcdatamodel */ = {isa = PBXFileReference; lastKnownFileType = wrapper.xcdatamodel; path = sampleCoordinator.xcdatamodel; sourceTree = "<group>"; };
/* End PBXFileReference section */

/* Begin PBXFrameworksBuildPhase section */
		82D783D92762622A00AFA53A /* Frameworks */ = {
			isa = PBXFrameworksBuildPhase;
			buildActionMask = 2147483647;
			files = (
			);
			runOnlyForDeploymentPostprocessing = 0;
		};
/* End PBXFrameworksBuildPhase section */

/* Begin PBXGroup section */
		82D783D32762622A00AFA53A = {
			isa = PBXGroup;
			children = (
				82D783DE2762622A00AFA53A /* sampleCoordinator */,
				82D783DD2762622A00AFA53A /* Products */,
			);
			sourceTree = "<group>";
		};
		82D783DD2762622A00AFA53A /* Products */ = {
			isa = PBXGroup;
			children = (
				82D783DC2762622A00AFA53A /* sampleCoordinator.app */,
			);
			name = Products;
			sourceTree = "<group>";
		};
		82D783DE2762622A00AFA53A /* sampleCoordinator */ = {
			isa = PBXGroup;
			children = (
				82D78407276262A100AFA53A /* Application */,
				82D783FA276262A100AFA53A /* Entities */,
				82D783FC276262A100AFA53A /* Modules */,
				82D783F6276262A100AFA53A /* Routing */,
				82D7840E276262A100AFA53A /* Tools */,
				82D783E82762623200AFA53A /* Assets.xcassets */,
				82D783EA2762623200AFA53A /* LaunchScreen.storyboard */,
				82D783ED2762623200AFA53A /* Info.plist */,
				82D7842C276263F000AFA53A /* sampleCoordinator.xcdatamodeld */,
			);
			path = sampleCoordinator;
			sourceTree = "<group>";
		};
		82D783F6276262A100AFA53A /* Routing */ = {
			isa = PBXGroup;
			children = (
				82D783F7276262A100AFA53A /* BaseRouter.swift */,
				82D783F8276262A100AFA53A /* ApplicationRouter.swift */,
				82D783F9276262A100AFA53A /* MainNavigationHandler.swift */,
			);
			path = Routing;
			sourceTree = "<group>";
		};
		82D783FA276262A100AFA53A /* Entities */ = {
			isa = PBXGroup;
			children = (
				82D783FB276262A100AFA53A /* Task + TodoItem.swift */,
			);
			path = Entities;
			sourceTree = "<group>";
		};
		82D783FC276262A100AFA53A /* Modules */ = {
			isa = PBXGroup;
			children = (
				82D783FD276262A100AFA53A /* Home */,
				82D78402276262A100AFA53A /* TaskDetals */,
			);
			path = Modules;
			sourceTree = "<group>";
		};
		82D783FD276262A100AFA53A /* Home */ = {
			isa = PBXGroup;
			children = (
				82D783FE276262A100AFA53A /* HomeView.swift */,
				82D783FF276262A100AFA53A /* Home.storyboard */,
				82D78400276262A100AFA53A /* HomePresenter.swift */,
				82D78401276262A100AFA53A /* HomeModule.swift */,
			);
			path = Home;
			sourceTree = "<group>";
		};
		82D78402276262A100AFA53A /* TaskDetals */ = {
			isa = PBXGroup;
			children = (
				82D78403276262A100AFA53A /* TaskDetals.storyboard */,
				82D78404276262A100AFA53A /* TaskDetalsView.swift */,
				82D78405276262A100AFA53A /* TaskDetalsModule.swift */,
				82D78406276262A100AFA53A /* TaskDetalsPresenter.swift */,
			);
			path = TaskDetals;
			sourceTree = "<group>";
		};
		82D78407276262A100AFA53A /* Application */ = {
			isa = PBXGroup;
			children = (
				82D78408276262A100AFA53A /* AppDelegate.swift */,
				82D78409276262A100AFA53A /* Protocols */,
			);
			path = Application;
			sourceTree = "<group>";
		};
		82D78409276262A100AFA53A /* Protocols */ = {
			isa = PBXGroup;
			children = (
				82D7840A276262A100AFA53A /* StringRepresentable.swift */,
				82D7840B276262A100AFA53A /* NavigationHandler.swift */,
				82D7840C276262A100AFA53A /* Presentable.swift */,
				82D7840D276262A100AFA53A /* Router.swift */,
			);
			path = Protocols;
			sourceTree = "<group>";
		};
		82D7840E276262A100AFA53A /* Tools */ = {
			isa = PBXGroup;
			children = (
				82D7840F276262A100AFA53A /* Database */,
			);
			path = Tools;
			sourceTree = "<group>";
		};
		82D7840F276262A100AFA53A /* Database */ = {
			isa = PBXGroup;
			children = (
				82D78410276262A100AFA53A /* CoreDataManager.swift */,
				82D78411276262A100AFA53A /* DatabaseManager.swift */,
			);
			path = Database;
			sourceTree = "<group>";
		};
/* End PBXGroup section */

/* Begin PBXNativeTarget section */
		82D783DB2762622A00AFA53A /* sampleCoordinator */ = {
			isa = PBXNativeTarget;
			buildConfigurationList = 82D783F02762623200AFA53A /* Build configuration list for PBXNativeTarget "sampleCoordinator" */;
			buildPhases = (
				82D783D82762622A00AFA53A /* Sources */,
				82D783D92762622A00AFA53A /* Frameworks */,
				82D783DA2762622A00AFA53A /* Resources */,
			);
			buildRules = (
			);
			dependencies = (
			);
			name = sampleCoordinator;
			productName = sampleCoordinator;
			productReference = 82D783DC2762622A00AFA53A /* sampleCoordinator.app */;
			productType = "com.apple.product-type.application";
		};
/* End PBXNativeTarget section */

/* Begin PBXProject section */
		82D783D42762622A00AFA53A /* Project object */ = {
			isa = PBXProject;
			attributes = {
				LastSwiftUpdateCheck = 1230;
				LastUpgradeCheck = 1230;
				TargetAttributes = {
					82D783DB2762622A00AFA53A = {
						CreatedOnToolsVersion = 12.3;
					};
				};
			};
			buildConfigurationList = 82D783D72762622A00AFA53A /* Build configuration list for PBXProject "sampleCoordinator" */;
			compatibilityVersion = "Xcode 9.3";
			developmentRegion = en;
			hasScannedForEncodings = 0;
			knownRegions = (
				en,
				Base,
			);
			mainGroup = 82D783D32762622A00AFA53A;
			productRefGroup = 82D783DD2762622A00AFA53A /* Products */;
			projectDirPath = "";
			projectRoot = "";
			targets = (
				82D783DB2762622A00AFA53A /* sampleCoordinator */,
			);
		};
/* End PBXProject section */

/* Begin PBXResourcesBuildPhase section */
		82D783DA2762622A00AFA53A /* Resources */ = {
			isa = PBXResourcesBuildPhase;
			buildActionMask = 2147483647;
			files = (
				82D78420276263C600AFA53A /* TaskDetals.storyboard in Resources */,
				82D7841C276263BE00AFA53A /* Home.storyboard in Resources */,
				82D783EC2762623200AFA53A /* LaunchScreen.storyboard in Resources */,
				82D783E92762623200AFA53A /* Assets.xcassets in Resources */,
			);
			runOnlyForDeploymentPostprocessing = 0;
		};
/* End PBXResourcesBuildPhase section */

/* Begin PBXSourcesBuildPhase section */
		82D783D82762622A00AFA53A /* Sources */ = {
			isa = PBXSourcesBuildPhase;
			buildActionMask = 2147483647;
			files = (
				82D7842E276263F000AFA53A /* sampleCoordinator.xcdatamodeld in Sources */,
				82D78429276263D100AFA53A /* DatabaseManager.swift in Sources */,
				82D78416276263B400AFA53A /* StringRepresentable.swift in Sources */,
				82D7841B276263BE00AFA53A /* HomeView.swift in Sources */,
				82D78422276263C600AFA53A /* TaskDetalsPresenter.swift in Sources */,
				82D7842A276263D100AFA53A /* CoreDataManager.swift in Sources */,
				82D78425276263CB00AFA53A /* ApplicationRouter.swift in Sources */,
				82D7841D276263BE00AFA53A /* HomeModule.swift in Sources */,
				82D78417276263B400AFA53A /* Presentable.swift in Sources */,
				82D78418276263B400AFA53A /* Router.swift in Sources */,
				82D78427276263CB00AFA53A /* BaseRouter.swift in Sources */,
				82D78421276263C600AFA53A /* TaskDetalsModule.swift in Sources */,
				82D78419276263B800AFA53A /* Task + TodoItem.swift in Sources */,
				82D7841E276263BE00AFA53A /* HomePresenter.swift in Sources */,
				82D78415276263B400AFA53A /* NavigationHandler.swift in Sources */,
				82D78423276263C600AFA53A /* TaskDetalsView.swift in Sources */,
				82D78413276263AE00AFA53A /* AppDelegate.swift in Sources */,
				82D78426276263CB00AFA53A /* MainNavigationHandler.swift in Sources */,
			);
			runOnlyForDeploymentPostprocessing = 0;
		};
/* End PBXSourcesBuildPhase section */

/* Begin PBXVariantGroup section */
		82D783EA2762623200AFA53A /* LaunchScreen.storyboard */ = {
			isa = PBXVariantGroup;
			children = (
				82D783EB2762623200AFA53A /* Base */,
			);
			name = LaunchScreen.storyboard;
			sourceTree = "<group>";
		};
/* End PBXVariantGroup section */

/* Begin XCBuildConfiguration section */
		82D783EE2762623200AFA53A /* Debug */ = {
			isa = XCBuildConfiguration;
			buildSettings = {
				ALWAYS_SEARCH_USER_PATHS = NO;
				CLANG_ANALYZER_NONNULL = YES;
				CLANG_ANALYZER_NUMBER_OBJECT_CONVERSION = YES_AGGRESSIVE;
				CLANG_CXX_LANGUAGE_STANDARD = "gnu++14";
				CLANG_CXX_LIBRARY = "libc++";
				CLANG_ENABLE_MODULES = YES;
				CLANG_ENABLE_OBJC_ARC = YES;
				CLANG_ENABLE_OBJC_WEAK = YES;
				CLANG_WARN_BLOCK_CAPTURE_AUTORELEASING = YES;
				CLANG_WARN_BOOL_CONVERSION = YES;
				CLANG_WARN_COMMA = YES;
				CLANG_WARN_CONSTANT_CONVERSION = YES;
				CLANG_WARN_DEPRECATED_OBJC_IMPLEMENTATIONS = YES;
				CLANG_WARN_DIRECT_OBJC_ISA_USAGE = YES_ERROR;
				CLANG_WARN_DOCUMENTATION_COMMENTS = YES;
				CLANG_WARN_EMPTY_BODY = YES;
				CLANG_WARN_ENUM_CONVERSION = YES;
				CLANG_WARN_INFINITE_RECURSION = YES;
				CLANG_WARN_INT_CONVERSION = YES;
				CLANG_WARN_NON_LITERAL_NULL_CONVERSION = YES;
				CLANG_WARN_OBJC_IMPLICIT_RETAIN_SELF = YES;
				CLANG_WARN_OBJC_LITERAL_CONVERSION = YES;
				CLANG_WARN_OBJC_ROOT_CLASS = YES_ERROR;
				CLANG_WARN_QUOTED_INCLUDE_IN_FRAMEWORK_HEADER = YES;
				CLANG_WARN_RANGE_LOOP_ANALYSIS = YES;
				CLANG_WARN_STRICT_PROTOTYPES = YES;
				CLANG_WARN_SUSPICIOUS_MOVE = YES;
				CLANG_WARN_UNGUARDED_AVAILABILITY = YES_AGGRESSIVE;
				CLANG_WARN_UNREACHABLE_CODE = YES;
				CLANG_WARN__DUPLICATE_METHOD_MATCH = YES;
				COPY_PHASE_STRIP = NO;
				DEBUG_INFORMATION_FORMAT = dwarf;
				ENABLE_STRICT_OBJC_MSGSEND = YES;
				ENABLE_TESTABILITY = YES;
				GCC_C_LANGUAGE_STANDARD = gnu11;
				GCC_DYNAMIC_NO_PIC = NO;
				GCC_NO_COMMON_BLOCKS = YES;
				GCC_OPTIMIZATION_LEVEL = 0;
				GCC_PREPROCESSOR_DEFINITIONS = (
					"DEBUG=1",
					"$(inherited)",
				);
				GCC_WARN_64_TO_32_BIT_CONVERSION = YES;
				GCC_WARN_ABOUT_RETURN_TYPE = YES_ERROR;
				GCC_WARN_UNDECLARED_SELECTOR = YES;
				GCC_WARN_UNINITIALIZED_AUTOS = YES_AGGRESSIVE;
				GCC_WARN_UNUSED_FUNCTION = YES;
				GCC_WARN_UNUSED_VARIABLE = YES;
				IPHONEOS_DEPLOYMENT_TARGET = 14.3;
				MTL_ENABLE_DEBUG_INFO = INCLUDE_SOURCE;
				MTL_FAST_MATH = YES;
				ONLY_ACTIVE_ARCH = YES;
				SDKROOT = iphoneos;
				SWIFT_ACTIVE_COMPILATION_CONDITIONS = DEBUG;
				SWIFT_OPTIMIZATION_LEVEL = "-Onone";
			};
			name = Debug;
		};
		82D783EF2762623200AFA53A /* Release */ = {
			isa = XCBuildConfiguration;
			buildSettings = {
				ALWAYS_SEARCH_USER_PATHS = NO;
				CLANG_ANALYZER_NONNULL = YES;
				CLANG_ANALYZER_NUMBER_OBJECT_CONVERSION = YES_AGGRESSIVE;
				CLANG_CXX_LANGUAGE_STANDARD = "gnu++14";
				CLANG_CXX_LIBRARY = "libc++";
				CLANG_ENABLE_MODULES = YES;
				CLANG_ENABLE_OBJC_ARC = YES;
				CLANG_ENABLE_OBJC_WEAK = YES;
				CLANG_WARN_BLOCK_CAPTURE_AUTORELEASING = YES;
				CLANG_WARN_BOOL_CONVERSION = YES;
				CLANG_WARN_COMMA = YES;
				CLANG_WARN_CONSTANT_CONVERSION = YES;
				CLANG_WARN_DEPRECATED_OBJC_IMPLEMENTATIONS = YES;
				CLANG_WARN_DIRECT_OBJC_ISA_USAGE = YES_ERROR;
				CLANG_WARN_DOCUMENTATION_COMMENTS = YES;
				CLANG_WARN_EMPTY_BODY = YES;
				CLANG_WARN_ENUM_CONVERSION = YES;
				CLANG_WARN_INFINITE_RECURSION = YES;
				CLANG_WARN_INT_CONVERSION = YES;
				CLANG_WARN_NON_LITERAL_NULL_CONVERSION = YES;
				CLANG_WARN_OBJC_IMPLICIT_RETAIN_SELF = YES;
				CLANG_WARN_OBJC_LITERAL_CONVERSION = YES;
				CLANG_WARN_OBJC_ROOT_CLASS = YES_ERROR;
				CLANG_WARN_QUOTED_INCLUDE_IN_FRAMEWORK_HEADER = YES;
				CLANG_WARN_RANGE_LOOP_ANALYSIS = YES;
				CLANG_WARN_STRICT_PROTOTYPES = YES;
				CLANG_WARN_SUSPICIOUS_MOVE = YES;
				CLANG_WARN_UNGUARDED_AVAILABILITY = YES_AGGRESSIVE;
				CLANG_WARN_UNREACHABLE_CODE = YES;
				CLANG_WARN__DUPLICATE_METHOD_MATCH = YES;
				COPY_PHASE_STRIP = NO;
				DEBUG_INFORMATION_FORMAT = "dwarf-with-dsym";
				ENABLE_NS_ASSERTIONS = NO;
				ENABLE_STRICT_OBJC_MSGSEND = YES;
				GCC_C_LANGUAGE_STANDARD = gnu11;
				GCC_NO_COMMON_BLOCKS = YES;
				GCC_WARN_64_TO_32_BIT_CONVERSION = YES;
				GCC_WARN_ABOUT_RETURN_TYPE = YES_ERROR;
				GCC_WARN_UNDECLARED_SELECTOR = YES;
				GCC_WARN_UNINITIALIZED_AUTOS = YES_AGGRESSIVE;
				GCC_WARN_UNUSED_FUNCTION = YES;
				GCC_WARN_UNUSED_VARIABLE = YES;
				IPHONEOS_DEPLOYMENT_TARGET = 14.3;
				MTL_ENABLE_DEBUG_INFO = NO;
				MTL_FAST_MATH = YES;
				SDKROOT = iphoneos;
				SWIFT_COMPILATION_MODE = wholemodule;
				SWIFT_OPTIMIZATION_LEVEL = "-O";
				VALIDATE_PRODUCT = YES;
			};
			name = Release;
		};
		82D783F12762623200AFA53A /* Debug */ = {
			isa = XCBuildConfiguration;
			buildSettings = {
				ASSETCATALOG_COMPILER_APPICON_NAME = AppIcon;
				ASSETCATALOG_COMPILER_GLOBAL_ACCENT_COLOR_NAME = AccentColor;
				CODE_SIGN_STYLE = Automatic;
				DEVELOPMENT_TEAM = 4HZAHHV9VP;
				INFOPLIST_FILE = sampleCoordinator/Info.plist;
				LD_RUNPATH_SEARCH_PATHS = (
					"$(inherited)",
					"@executable_path/Frameworks",
				);
				PRODUCT_BUNDLE_IDENTIFIER = com.mohebro.sampleCoordinator;
				PRODUCT_NAME = "$(TARGET_NAME)";
				SWIFT_VERSION = 5.0;
				TARGETED_DEVICE_FAMILY = 1;
			};
			name = Debug;
		};
		82D783F22762623200AFA53A /* Release */ = {
			isa = XCBuildConfiguration;
			buildSettings = {
				ASSETCATALOG_COMPILER_APPICON_NAME = AppIcon;
				ASSETCATALOG_COMPILER_GLOBAL_ACCENT_COLOR_NAME = AccentColor;
				CODE_SIGN_STYLE = Automatic;
				DEVELOPMENT_TEAM = 4HZAHHV9VP;
				INFOPLIST_FILE = sampleCoordinator/Info.plist;
				LD_RUNPATH_SEARCH_PATHS = (
					"$(inherited)",
					"@executable_path/Frameworks",
				);
				PRODUCT_BUNDLE_IDENTIFIER = com.mohebro.sampleCoordinator;
				PRODUCT_NAME = "$(TARGET_NAME)";
				SWIFT_VERSION = 5.0;
				TARGETED_DEVICE_FAMILY = 1;
			};
			name = Release;
		};
/* End XCBuildConfiguration section */

/* Begin XCConfigurationList section */
		82D783D72762622A00AFA53A /* Build configuration list for PBXProject "sampleCoordinator" */ = {
			isa = XCConfigurationList;
			buildConfigurations = (
				82D783EE2762623200AFA53A /* Debug */,
				82D783EF2762623200AFA53A /* Release */,
			);
			defaultConfigurationIsVisible = 0;
			defaultConfigurationName = Release;
		};
		82D783F02762623200AFA53A /* Build configuration list for PBXNativeTarget "sampleCoordinator" */ = {
			isa = XCConfigurationList;
			buildConfigurations = (
				82D783F12762623200AFA53A /* Debug */,
				82D783F22762623200AFA53A /* Release */,
			);
			defaultConfigurationIsVisible = 0;
			defaultConfigurationName = Release;
		};
/* End XCConfigurationList section */

/* Begin XCVersionGroup section */
		82D7842C276263F000AFA53A /* sampleCoordinator.xcdatamodeld */ = {
			isa = XCVersionGroup;
			children = (
				82D7842D276263F000AFA53A /* sampleCoordinator.xcdatamodel */,
			);
			currentVersion = 82D7842D276263F000AFA53A /* sampleCoordinator.xcdatamodel */;
			path = sampleCoordinator.xcdatamodeld;
			sourceTree = "<group>";
			versionGroupType = wrapper.xcdatamodel;
		};
/* End XCVersionGroup section */
	};
	rootObject = 82D783D42762622A00AFA53A /* Project object */;
}
